
Microsoft Visual Studio Solution File, Format Version 12.00
# Visual Studio Version 17
VisualStudioVersion = 17.0.31903.59
MinimumVisualStudioVersion = 10.0.40219.1
Project("{2150E333-8FDC-42A3-9474-1A3956D46DE8}") = "src", "src", "{378203F6-92C4-493F-AE57-FE05C01A0710}"
EndProject
Project("{FAE04EC0-301F-11D3-BF4B-00C04F79EFBC}") = "AuctionService", "src\AuctionService\AuctionService.csproj", "{BE923C6C-E4E7-4384-97B2-180223A6389C}"
EndProject
Project("{FAE04EC0-301F-11D3-BF4B-00C04F79EFBC}") = "SearchService", "src\SearchService\SearchService.csproj", "{4654C5D4-B97B-498A-8CE1-42914A600FE2}"
EndProject
Project("{FAE04EC0-301F-11D3-BF4B-00C04F79EFBC}") = "Contracts", "src\Contracts\Contracts.csproj", "{ADA7A1AE-409F-4306-B2CC-83572100C95E}"
EndProject
Project("{FAE04EC0-301F-11D3-BF4B-00C04F79EFBC}") = "IdentityService", "src\IdentityService\IdentityService.csproj", "{E19D3A81-28E3-451A-8115-C5CEFFFBFCE2}"
EndProject
Global
	GlobalSection(SolutionConfigurationPlatforms) = preSolution
		Debug|Any CPU = Debug|Any CPU
		Release|Any CPU = Release|Any CPU
	EndGlobalSection
	GlobalSection(SolutionProperties) = preSolution
		HideSolutionNode = FALSE
	EndGlobalSection
	GlobalSection(ProjectConfigurationPlatforms) = postSolution
		{BE923C6C-E4E7-4384-97B2-180223A6389C}.Debug|Any CPU.ActiveCfg = Debug|Any CPU
		{BE923C6C-E4E7-4384-97B2-180223A6389C}.Debug|Any CPU.Build.0 = Debug|Any CPU
		{BE923C6C-E4E7-4384-97B2-180223A6389C}.Release|Any CPU.ActiveCfg = Release|Any CPU
		{BE923C6C-E4E7-4384-97B2-180223A6389C}.Release|Any CPU.Build.0 = Release|Any CPU
		{4654C5D4-B97B-498A-8CE1-42914A600FE2}.Debug|Any CPU.ActiveCfg = Debug|Any CPU
		{4654C5D4-B97B-498A-8CE1-42914A600FE2}.Debug|Any CPU.Build.0 = Debug|Any CPU
		{4654C5D4-B97B-498A-8CE1-42914A600FE2}.Release|Any CPU.ActiveCfg = Release|Any CPU
		{4654C5D4-B97B-498A-8CE1-42914A600FE2}.Release|Any CPU.Build.0 = Release|Any CPU
		{ADA7A1AE-409F-4306-B2CC-83572100C95E}.Debug|Any CPU.ActiveCfg = Debug|Any CPU
		{ADA7A1AE-409F-4306-B2CC-83572100C95E}.Debug|Any CPU.Build.0 = Debug|Any CPU
		{ADA7A1AE-409F-4306-B2CC-83572100C95E}.Release|Any CPU.ActiveCfg = Release|Any CPU
		{ADA7A1AE-409F-4306-B2CC-83572100C95E}.Release|Any CPU.Build.0 = Release|Any CPU
		{E19D3A81-28E3-451A-8115-C5CEFFFBFCE2}.Debug|Any CPU.ActiveCfg = Debug|Any CPU
		{E19D3A81-28E3-451A-8115-C5CEFFFBFCE2}.Debug|Any CPU.Build.0 = Debug|Any CPU
		{E19D3A81-28E3-451A-8115-C5CEFFFBFCE2}.Release|Any CPU.ActiveCfg = Release|Any CPU
		{E19D3A81-28E3-451A-8115-C5CEFFFBFCE2}.Release|Any CPU.Build.0 = Release|Any CPU
	EndGlobalSection
	GlobalSection(NestedProjects) = preSolution
		{BE923C6C-E4E7-4384-97B2-180223A6389C} = {378203F6-92C4-493F-AE57-FE05C01A0710}
		{4654C5D4-B97B-498A-8CE1-42914A600FE2} = {378203F6-92C4-493F-AE57-FE05C01A0710}
		{ADA7A1AE-409F-4306-B2CC-83572100C95E} = {378203F6-92C4-493F-AE57-FE05C01A0710}
		{E19D3A81-28E3-451A-8115-C5CEFFFBFCE2} = {378203F6-92C4-493F-AE57-FE05C01A0710}
	EndGlobalSection
EndGlobal
